// !$*UTF8*$!
{
	archiveVersion = 1;
	classes = {
	};
	objectVersion = 55;
	objects = {

/* Begin PBXBuildFile section */
		3B2C1ECC2882820A00827653 /* CoffeOrdersL_MVVM_SwiftUIApp.swift in Sources */ = {isa = PBXBuildFile; fileRef = 3B2C1ECB2882820A00827653 /* CoffeOrdersL_MVVM_SwiftUIApp.swift */; };
		3B2C1ECE2882820A00827653 /* ContentView.swift in Sources */ = {isa = PBXBuildFile; fileRef = 3B2C1ECD2882820A00827653 /* ContentView.swift */; };
		3B2C1ED02882820D00827653 /* Assets.xcassets in Resources */ = {isa = PBXBuildFile; fileRef = 3B2C1ECF2882820D00827653 /* Assets.xcassets */; };
		3B2C1ED32882820D00827653 /* Preview Assets.xcassets in Resources */ = {isa = PBXBuildFile; fileRef = 3B2C1ED22882820D00827653 /* Preview Assets.xcassets */; };
		3B2C1EDB2882841D00827653 /* Coffee.swift in Sources */ = {isa = PBXBuildFile; fileRef = 3B2C1EDA2882841D00827653 /* Coffee.swift */; };
		3B2C1EDD2882842900827653 /* Order.swift in Sources */ = {isa = PBXBuildFile; fileRef = 3B2C1EDC2882842900827653 /* Order.swift */; };
		3B2C1EE02882874C00827653 /* Webservice.swift in Sources */ = {isa = PBXBuildFile; fileRef = 3B2C1EDF2882874C00827653 /* Webservice.swift */; };
		3B2C1EE428828AA500827653 /* OrderListViewModel.swift in Sources */ = {isa = PBXBuildFile; fileRef = 3B2C1EE328828AA500827653 /* OrderListViewModel.swift */; };
		3B2C1EE728828E1200827653 /* OrderListView.swift in Sources */ = {isa = PBXBuildFile; fileRef = 3B2C1EE628828E1200827653 /* OrderListView.swift */; };
		3B2C1EE92882951B00827653 /* CreateOrderResponse.swift in Sources */ = {isa = PBXBuildFile; fileRef = 3B2C1EE82882951B00827653 /* CreateOrderResponse.swift */; };
		3B2C1EEB2882969E00827653 /* AddCoffeeOrderViewModel.swift in Sources */ = {isa = PBXBuildFile; fileRef = 3B2C1EEA2882969E00827653 /* AddCoffeeOrderViewModel.swift */; };
		3B2C1EED2882981400827653 /* CoffeeViewModel.swift in Sources */ = {isa = PBXBuildFile; fileRef = 3B2C1EEC2882981400827653 /* CoffeeViewModel.swift */; };
		3B2C1EEF28829BEE00827653 /* AddCoffeeOrderView.swift in Sources */ = {isa = PBXBuildFile; fileRef = 3B2C1EEE28829BEE00827653 /* AddCoffeeOrderView.swift */; };
		3B2C1EF12882A3E400827653 /* OrderTotalView.swift in Sources */ = {isa = PBXBuildFile; fileRef = 3B2C1EF02882A3E400827653 /* OrderTotalView.swift */; };
/* End PBXBuildFile section */

/* Begin PBXFileReference section */
		3B2C1EC82882820A00827653 /* CoffeOrdersL_MVVM_SwiftUI.app */ = {isa = PBXFileReference; explicitFileType = wrapper.application; includeInIndex = 0; path = CoffeOrdersL_MVVM_SwiftUI.app; sourceTree = BUILT_PRODUCTS_DIR; };
		3B2C1ECB2882820A00827653 /* CoffeOrdersL_MVVM_SwiftUIApp.swift */ = {isa = PBXFileReference; lastKnownFileType = sourcecode.swift; path = CoffeOrdersL_MVVM_SwiftUIApp.swift; sourceTree = "<group>"; };
		3B2C1ECD2882820A00827653 /* ContentView.swift */ = {isa = PBXFileReference; lastKnownFileType = sourcecode.swift; path = ContentView.swift; sourceTree = "<group>"; };
		3B2C1ECF2882820D00827653 /* Assets.xcassets */ = {isa = PBXFileReference; lastKnownFileType = folder.assetcatalog; path = Assets.xcassets; sourceTree = "<group>"; };
		3B2C1ED22882820D00827653 /* Preview Assets.xcassets */ = {isa = PBXFileReference; lastKnownFileType = folder.assetcatalog; path = "Preview Assets.xcassets"; sourceTree = "<group>"; };
		3B2C1EDA2882841D00827653 /* Coffee.swift */ = {isa = PBXFileReference; lastKnownFileType = sourcecode.swift; path = Coffee.swift; sourceTree = "<group>"; };
		3B2C1EDC2882842900827653 /* Order.swift */ = {isa = PBXFileReference; lastKnownFileType = sourcecode.swift; path = Order.swift; sourceTree = "<group>"; };
		3B2C1EDF2882874C00827653 /* Webservice.swift */ = {isa = PBXFileReference; lastKnownFileType = sourcecode.swift; path = Webservice.swift; sourceTree = "<group>"; };
		3B2C1EE128828A1900827653 /* CoffeOrdersL-MVVM-SwiftUI-Info.plist */ = {isa = PBXFileReference; lastKnownFileType = text.plist; path = "CoffeOrdersL-MVVM-SwiftUI-Info.plist"; sourceTree = SOURCE_ROOT; };
		3B2C1EE328828AA500827653 /* OrderListViewModel.swift */ = {isa = PBXFileReference; lastKnownFileType = sourcecode.swift; path = OrderListViewModel.swift; sourceTree = "<group>"; };
		3B2C1EE628828E1200827653 /* OrderListView.swift */ = {isa = PBXFileReference; lastKnownFileType = sourcecode.swift; path = OrderListView.swift; sourceTree = "<group>"; };
		3B2C1EE82882951B00827653 /* CreateOrderResponse.swift */ = {isa = PBXFileReference; lastKnownFileType = sourcecode.swift; path = CreateOrderResponse.swift; sourceTree = "<group>"; };
		3B2C1EEA2882969E00827653 /* AddCoffeeOrderViewModel.swift */ = {isa = PBXFileReference; lastKnownFileType = sourcecode.swift; path = AddCoffeeOrderViewModel.swift; sourceTree = "<group>"; };
		3B2C1EEC2882981400827653 /* CoffeeViewModel.swift */ = {isa = PBXFileReference; lastKnownFileType = sourcecode.swift; path = CoffeeViewModel.swift; sourceTree = "<group>"; };
		3B2C1EEE28829BEE00827653 /* AddCoffeeOrderView.swift */ = {isa = PBXFileReference; lastKnownFileType = sourcecode.swift; path = AddCoffeeOrderView.swift; sourceTree = "<group>"; };
		3B2C1EF02882A3E400827653 /* OrderTotalView.swift */ = {isa = PBXFileReference; lastKnownFileType = sourcecode.swift; path = OrderTotalView.swift; sourceTree = "<group>"; };
/* End PBXFileReference section */

/* Begin PBXFrameworksBuildPhase section */
		3B2C1EC52882820A00827653 /* Frameworks */ = {
			isa = PBXFrameworksBuildPhase;
			buildActionMask = 2147483647;
			files = (
			);
			runOnlyForDeploymentPostprocessing = 0;
		};
/* End PBXFrameworksBuildPhase section */

/* Begin PBXGroup section */
		3B2C1EBF2882820A00827653 = {
			isa = PBXGroup;
			children = (
				3B2C1ECA2882820A00827653 /* CoffeOrdersL_MVVM_SwiftUI */,
				3B2C1EC92882820A00827653 /* Products */,
			);
			sourceTree = "<group>";
		};
		3B2C1EC92882820A00827653 /* Products */ = {
			isa = PBXGroup;
			children = (
				3B2C1EC82882820A00827653 /* CoffeOrdersL_MVVM_SwiftUI.app */,
			);
			name = Products;
			sourceTree = "<group>";
		};
		3B2C1ECA2882820A00827653 /* CoffeOrdersL_MVVM_SwiftUI */ = {
			isa = PBXGroup;
			children = (
				3B2C1ED92882840D00827653 /* Models */,
				3B2C1EE528828D7800827653 /* Views */,
				3B2C1EE228828A5000827653 /* ViewModels */,
				3B2C1EDE288286EB00827653 /* Services */,
				3B2C1ECB2882820A00827653 /* CoffeOrdersL_MVVM_SwiftUIApp.swift */,
				3B2C1ECF2882820D00827653 /* Assets.xcassets */,
				3B2C1EE128828A1900827653 /* CoffeOrdersL-MVVM-SwiftUI-Info.plist */,
				3B2C1ED12882820D00827653 /* Preview Content */,
			);
			path = CoffeOrdersL_MVVM_SwiftUI;
			sourceTree = "<group>";
		};
		3B2C1ED12882820D00827653 /* Preview Content */ = {
			isa = PBXGroup;
			children = (
				3B2C1ED22882820D00827653 /* Preview Assets.xcassets */,
			);
			path = "Preview Content";
			sourceTree = "<group>";
		};
		3B2C1ED92882840D00827653 /* Models */ = {
			isa = PBXGroup;
			children = (
				3B2C1EDA2882841D00827653 /* Coffee.swift */,
				3B2C1EDC2882842900827653 /* Order.swift */,
				3B2C1EE82882951B00827653 /* CreateOrderResponse.swift */,
			);
			path = Models;
			sourceTree = "<group>";
		};
		3B2C1EDE288286EB00827653 /* Services */ = {
			isa = PBXGroup;
			children = (
				3B2C1EDF2882874C00827653 /* Webservice.swift */,
			);
			path = Services;
			sourceTree = "<group>";
		};
		3B2C1EE228828A5000827653 /* ViewModels */ = {
			isa = PBXGroup;
			children = (
				3B2C1EE328828AA500827653 /* OrderListViewModel.swift */,
				3B2C1EEA2882969E00827653 /* AddCoffeeOrderViewModel.swift */,
				3B2C1EEC2882981400827653 /* CoffeeViewModel.swift */,
			);
			path = ViewModels;
			sourceTree = "<group>";
		};
		3B2C1EE528828D7800827653 /* Views */ = {
			isa = PBXGroup;
			children = (
				3B2C1ECD2882820A00827653 /* ContentView.swift */,
				3B2C1EE628828E1200827653 /* OrderListView.swift */,
				3B2C1EEE28829BEE00827653 /* AddCoffeeOrderView.swift */,
				3B2C1EF02882A3E400827653 /* OrderTotalView.swift */,
			);
			path = Views;
			sourceTree = "<group>";
		};
/* End PBXGroup section */

/* Begin PBXNativeTarget section */
		3B2C1EC72882820A00827653 /* CoffeOrdersL_MVVM_SwiftUI */ = {
			isa = PBXNativeTarget;
			buildConfigurationList = 3B2C1ED62882820D00827653 /* Build configuration list for PBXNativeTarget "CoffeOrdersL_MVVM_SwiftUI" */;
			buildPhases = (
				3B2C1EC42882820A00827653 /* Sources */,
				3B2C1EC52882820A00827653 /* Frameworks */,
				3B2C1EC62882820A00827653 /* Resources */,
			);
			buildRules = (
			);
			dependencies = (
			);
			name = CoffeOrdersL_MVVM_SwiftUI;
			productName = CoffeOrdersL_MVVM_SwiftUI;
			productReference = 3B2C1EC82882820A00827653 /* CoffeOrdersL_MVVM_SwiftUI.app */;
			productType = "com.apple.product-type.application";
		};
/* End PBXNativeTarget section */

/* Begin PBXProject section */
		3B2C1EC02882820A00827653 /* Project object */ = {
			isa = PBXProject;
			attributes = {
				BuildIndependentTargetsInParallel = 1;
				LastSwiftUpdateCheck = 1340;
				LastUpgradeCheck = 1340;
				TargetAttributes = {
					3B2C1EC72882820A00827653 = {
						CreatedOnToolsVersion = 13.4.1;
					};
				};
			};
			buildConfigurationList = 3B2C1EC32882820A00827653 /* Build configuration list for PBXProject "CoffeOrdersL_MVVM_SwiftUI" */;
			compatibilityVersion = "Xcode 13.0";
			developmentRegion = en;
			hasScannedForEncodings = 0;
			knownRegions = (
				en,
				Base,
			);
			mainGroup = 3B2C1EBF2882820A00827653;
			productRefGroup = 3B2C1EC92882820A00827653 /* Products */;
			projectDirPath = "";
			projectRoot = "";
			targets = (
				3B2C1EC72882820A00827653 /* CoffeOrdersL_MVVM_SwiftUI */,
			);
		};
/* End PBXProject section */

/* Begin PBXResourcesBuildPhase section */
		3B2C1EC62882820A00827653 /* Resources */ = {
			isa = PBXResourcesBuildPhase;
			buildActionMask = 2147483647;
			files = (
				3B2C1ED32882820D00827653 /* Preview Assets.xcassets in Resources */,
				3B2C1ED02882820D00827653 /* Assets.xcassets in Resources */,
			);
			runOnlyForDeploymentPostprocessing = 0;
		};
/* End PBXResourcesBuildPhase section */

/* Begin PBXSourcesBuildPhase section */
		3B2C1EC42882820A00827653 /* Sources */ = {
			isa = PBXSourcesBuildPhase;
			buildActionMask = 2147483647;
			files = (
				3B2C1ECE2882820A00827653 /* ContentView.swift in Sources */,
				3B2C1EEF28829BEE00827653 /* AddCoffeeOrderView.swift in Sources */,
				3B2C1ECC2882820A00827653 /* CoffeOrdersL_MVVM_SwiftUIApp.swift in Sources */,
				3B2C1EED2882981400827653 /* CoffeeViewModel.swift in Sources */,
				3B2C1EDD2882842900827653 /* Order.swift in Sources */,
				3B2C1EE92882951B00827653 /* CreateOrderResponse.swift in Sources */,
				3B2C1EE728828E1200827653 /* OrderListView.swift in Sources */,
				3B2C1EE428828AA500827653 /* OrderListViewModel.swift in Sources */,
				3B2C1EE02882874C00827653 /* Webservice.swift in Sources */,
				3B2C1EEB2882969E00827653 /* AddCoffeeOrderViewModel.swift in Sources */,
				3B2C1EF12882A3E400827653 /* OrderTotalView.swift in Sources */,
				3B2C1EDB2882841D00827653 /* Coffee.swift in Sources */,
			);
			runOnlyForDeploymentPostprocessing = 0;
		};
/* End PBXSourcesBuildPhase section */

/* Begin XCBuildConfiguration section */
		3B2C1ED42882820D00827653 /* Debug */ = {
			isa = XCBuildConfiguration;
			buildSettings = {
				ALWAYS_SEARCH_USER_PATHS = NO;
				CLANG_ANALYZER_NONNULL = YES;
				CLANG_ANALYZER_NUMBER_OBJECT_CONVERSION = YES_AGGRESSIVE;
				CLANG_CXX_LANGUAGE_STANDARD = "gnu++17";
				CLANG_ENABLE_MODULES = YES;
				CLANG_ENABLE_OBJC_ARC = YES;
				CLANG_ENABLE_OBJC_WEAK = YES;
				CLANG_WARN_BLOCK_CAPTURE_AUTORELEASING = YES;
				CLANG_WARN_BOOL_CONVERSION = YES;
				CLANG_WARN_COMMA = YES;
				CLANG_WARN_CONSTANT_CONVERSION = YES;
				CLANG_WARN_DEPRECATED_OBJC_IMPLEMENTATIONS = YES;
				CLANG_WARN_DIRECT_OBJC_ISA_USAGE = YES_ERROR;
				CLANG_WARN_DOCUMENTATION_COMMENTS = YES;
				CLANG_WARN_EMPTY_BODY = YES;
				CLANG_WARN_ENUM_CONVERSION = YES;
				CLANG_WARN_INFINITE_RECURSION = YES;
				CLANG_WARN_INT_CONVERSION = YES;
				CLANG_WARN_NON_LITERAL_NULL_CONVERSION = YES;
				CLANG_WARN_OBJC_IMPLICIT_RETAIN_SELF = YES;
				CLANG_WARN_OBJC_LITERAL_CONVERSION = YES;
				CLANG_WARN_OBJC_ROOT_CLASS = YES_ERROR;
				CLANG_WARN_QUOTED_INCLUDE_IN_FRAMEWORK_HEADER = YES;
				CLANG_WARN_RANGE_LOOP_ANALYSIS = YES;
				CLANG_WARN_STRICT_PROTOTYPES = YES;
				CLANG_WARN_SUSPICIOUS_MOVE = YES;
				CLANG_WARN_UNGUARDED_AVAILABILITY = YES_AGGRESSIVE;
				CLANG_WARN_UNREACHABLE_CODE = YES;
				CLANG_WARN__DUPLICATE_METHOD_MATCH = YES;
				COPY_PHASE_STRIP = NO;
				DEBUG_INFORMATION_FORMAT = dwarf;
				ENABLE_STRICT_OBJC_MSGSEND = YES;
				ENABLE_TESTABILITY = YES;
				GCC_C_LANGUAGE_STANDARD = gnu11;
				GCC_DYNAMIC_NO_PIC = NO;
				GCC_NO_COMMON_BLOCKS = YES;
				GCC_OPTIMIZATION_LEVEL = 0;
				GCC_PREPROCESSOR_DEFINITIONS = (
					"DEBUG=1",
					"$(inherited)",
				);
				GCC_WARN_64_TO_32_BIT_CONVERSION = YES;
				GCC_WARN_ABOUT_RETURN_TYPE = YES_ERROR;
				GCC_WARN_UNDECLARED_SELECTOR = YES;
				GCC_WARN_UNINITIALIZED_AUTOS = YES_AGGRESSIVE;
				GCC_WARN_UNUSED_FUNCTION = YES;
				GCC_WARN_UNUSED_VARIABLE = YES;
				IPHONEOS_DEPLOYMENT_TARGET = 15.5;
				MTL_ENABLE_DEBUG_INFO = INCLUDE_SOURCE;
				MTL_FAST_MATH = YES;
				ONLY_ACTIVE_ARCH = YES;
				SDKROOT = iphoneos;
				SWIFT_ACTIVE_COMPILATION_CONDITIONS = DEBUG;
				SWIFT_OPTIMIZATION_LEVEL = "-Onone";
			};
			name = Debug;
		};
		3B2C1ED52882820D00827653 /* Release */ = {
			isa = XCBuildConfiguration;
			buildSettings = {
				ALWAYS_SEARCH_USER_PATHS = NO;
				CLANG_ANALYZER_NONNULL = YES;
				CLANG_ANALYZER_NUMBER_OBJECT_CONVERSION = YES_AGGRESSIVE;
				CLANG_CXX_LANGUAGE_STANDARD = "gnu++17";
				CLANG_ENABLE_MODULES = YES;
				CLANG_ENABLE_OBJC_ARC = YES;
				CLANG_ENABLE_OBJC_WEAK = YES;
				CLANG_WARN_BLOCK_CAPTURE_AUTORELEASING = YES;
				CLANG_WARN_BOOL_CONVERSION = YES;
				CLANG_WARN_COMMA = YES;
				CLANG_WARN_CONSTANT_CONVERSION = YES;
				CLANG_WARN_DEPRECATED_OBJC_IMPLEMENTATIONS = YES;
				CLANG_WARN_DIRECT_OBJC_ISA_USAGE = YES_ERROR;
				CLANG_WARN_DOCUMENTATION_COMMENTS = YES;
				CLANG_WARN_EMPTY_BODY = YES;
				CLANG_WARN_ENUM_CONVERSION = YES;
				CLANG_WARN_INFINITE_RECURSION = YES;
				CLANG_WARN_INT_CONVERSION = YES;
				CLANG_WARN_NON_LITERAL_NULL_CONVERSION = YES;
				CLANG_WARN_OBJC_IMPLICIT_RETAIN_SELF = YES;
				CLANG_WARN_OBJC_LITERAL_CONVERSION = YES;
				CLANG_WARN_OBJC_ROOT_CLASS = YES_ERROR;
				CLANG_WARN_QUOTED_INCLUDE_IN_FRAMEWORK_HEADER = YES;
				CLANG_WARN_RANGE_LOOP_ANALYSIS = YES;
				CLANG_WARN_STRICT_PROTOTYPES = YES;
				CLANG_WARN_SUSPICIOUS_MOVE = YES;
				CLANG_WARN_UNGUARDED_AVAILABILITY = YES_AGGRESSIVE;
				CLANG_WARN_UNREACHABLE_CODE = YES;
				CLANG_WARN__DUPLICATE_METHOD_MATCH = YES;
				COPY_PHASE_STRIP = NO;
				DEBUG_INFORMATION_FORMAT = "dwarf-with-dsym";
				ENABLE_NS_ASSERTIONS = NO;
				ENABLE_STRICT_OBJC_MSGSEND = YES;
				GCC_C_LANGUAGE_STANDARD = gnu11;
				GCC_NO_COMMON_BLOCKS = YES;
				GCC_WARN_64_TO_32_BIT_CONVERSION = YES;
				GCC_WARN_ABOUT_RETURN_TYPE = YES_ERROR;
				GCC_WARN_UNDECLARED_SELECTOR = YES;
				GCC_WARN_UNINITIALIZED_AUTOS = YES_AGGRESSIVE;
				GCC_WARN_UNUSED_FUNCTION = YES;
				GCC_WARN_UNUSED_VARIABLE = YES;
				IPHONEOS_DEPLOYMENT_TARGET = 15.5;
				MTL_ENABLE_DEBUG_INFO = NO;
				MTL_FAST_MATH = YES;
				SDKROOT = iphoneos;
				SWIFT_COMPILATION_MODE = wholemodule;
				SWIFT_OPTIMIZATION_LEVEL = "-O";
				VALIDATE_PRODUCT = YES;
			};
			name = Release;
		};
		3B2C1ED72882820D00827653 /* Debug */ = {
			isa = XCBuildConfiguration;
			buildSettings = {
				ASSETCATALOG_COMPILER_APPICON_NAME = AppIcon;
				ASSETCATALOG_COMPILER_GLOBAL_ACCENT_COLOR_NAME = AccentColor;
				CODE_SIGN_STYLE = Automatic;
				CURRENT_PROJECT_VERSION = 1;
				DEVELOPMENT_ASSET_PATHS = "\"CoffeOrdersL_MVVM_SwiftUI/Preview Content\"";
				DEVELOPMENT_TEAM = G3VP62JDQQ;
				ENABLE_PREVIEWS = YES;
				GENERATE_INFOPLIST_FILE = YES;
				INFOPLIST_FILE = "CoffeOrdersL-MVVM-SwiftUI-Info.plist";
				INFOPLIST_KEY_UIApplicationSceneManifest_Generation = YES;
				INFOPLIST_KEY_UIApplicationSupportsIndirectInputEvents = YES;
				INFOPLIST_KEY_UILaunchScreen_Generation = YES;
				INFOPLIST_KEY_UISupportedInterfaceOrientations_iPad = "UIInterfaceOrientationPortrait UIInterfaceOrientationPortraitUpsideDown UIInterfaceOrientationLandscapeLeft UIInterfaceOrientationLandscapeRight";
				INFOPLIST_KEY_UISupportedInterfaceOrientations_iPhone = "UIInterfaceOrientationPortrait UIInterfaceOrientationLandscapeLeft UIInterfaceOrientationLandscapeRight";
				LD_RUNPATH_SEARCH_PATHS = (
					"$(inherited)",
					"@executable_path/Frameworks",
				);
				MARKETING_VERSION = 1.0;
				PRODUCT_BUNDLE_IDENTIFIER = "dmitriikim.CoffeOrdersL-MVVM-SwiftUI";
				PRODUCT_NAME = "$(TARGET_NAME)";
				SWIFT_EMIT_LOC_STRINGS = YES;
				SWIFT_VERSION = 5.0;
				TARGETED_DEVICE_FAMILY = "1,2";
			};
			name = Debug;
		};
		3B2C1ED82882820D00827653 /* Release */ = {
			isa = XCBuildConfiguration;
			buildSettings = {
				ASSETCATALOG_COMPILER_APPICON_NAME = AppIcon;
				ASSETCATALOG_COMPILER_GLOBAL_ACCENT_COLOR_NAME = AccentColor;
				CODE_SIGN_STYLE = Automatic;
				CURRENT_PROJECT_VERSION = 1;
				DEVELOPMENT_ASSET_PATHS = "\"CoffeOrdersL_MVVM_SwiftUI/Preview Content\"";
				DEVELOPMENT_TEAM = G3VP62JDQQ;
				ENABLE_PREVIEWS = YES;
				GENERATE_INFOPLIST_FILE = YES;
				INFOPLIST_FILE = "CoffeOrdersL-MVVM-SwiftUI-Info.plist";
				INFOPLIST_KEY_UIApplicationSceneManifest_Generation = YES;
				INFOPLIST_KEY_UIApplicationSupportsIndirectInputEvents = YES;
				INFOPLIST_KEY_UILaunchScreen_Generation = YES;
				INFOPLIST_KEY_UISupportedInterfaceOrientations_iPad = "UIInterfaceOrientationPortrait UIInterfaceOrientationPortraitUpsideDown UIInterfaceOrientationLandscapeLeft UIInterfaceOrientationLandscapeRight";
				INFOPLIST_KEY_UISupportedInterfaceOrientations_iPhone = "UIInterfaceOrientationPortrait UIInterfaceOrientationLandscapeLeft UIInterfaceOrientationLandscapeRight";
				LD_RUNPATH_SEARCH_PATHS = (
					"$(inherited)",
					"@executable_path/Frameworks",
				);
				MARKETING_VERSION = 1.0;
				PRODUCT_BUNDLE_IDENTIFIER = "dmitriikim.CoffeOrdersL-MVVM-SwiftUI";
				PRODUCT_NAME = "$(TARGET_NAME)";
				SWIFT_EMIT_LOC_STRINGS = YES;
				SWIFT_VERSION = 5.0;
				TARGETED_DEVICE_FAMILY = "1,2";
			};
			name = Release;
		};
/* End XCBuildConfiguration section */

/* Begin XCConfigurationList section */
		3B2C1EC32882820A00827653 /* Build configuration list for PBXProject "CoffeOrdersL_MVVM_SwiftUI" */ = {
			isa = XCConfigurationList;
			buildConfigurations = (
				3B2C1ED42882820D00827653 /* Debug */,
				3B2C1ED52882820D00827653 /* Release */,
			);
			defaultConfigurationIsVisible = 0;
			defaultConfigurationName = Release;
		};
		3B2C1ED62882820D00827653 /* Build configuration list for PBXNativeTarget "CoffeOrdersL_MVVM_SwiftUI" */ = {
			isa = XCConfigurationList;
			buildConfigurations = (
				3B2C1ED72882820D00827653 /* Debug */,
				3B2C1ED82882820D00827653 /* Release */,
			);
			defaultConfigurationIsVisible = 0;
			defaultConfigurationName = Release;
		};
/* End XCConfigurationList section */
	};
	rootObject = 3B2C1EC02882820A00827653 /* Project object */;
}
